
Microsoft Visual Studio Solution File, Format Version 12.00
# Visual Studio Version 16
VisualStudioVersion = 16.0.29102.190
MinimumVisualStudioVersion = 10.0.40219.1
Project("{9A19103F-16F7-4668-BE54-9A1E7A4F7556}") = "DecentCodingAnalyzer", "DecentCodingAnalyzer\DecentCodingAnalyzer.csproj", "{F5EC2039-FB81-4A7B-8F0D-B6315C819312}"
EndProject
Project("{9A19103F-16F7-4668-BE54-9A1E7A4F7556}") = "DecentCodingAnalyzer.Test", "DecentCodingAnalyzer.Test\DecentCodingAnalyzer.Test.csproj", "{DDCE2C5C-73EE-46FD-B163-FE2AC17A7E1E}"
EndProject
Project("{FAE04EC0-301F-11D3-BF4B-00C04F79EFBC}") = "DecentCodingAnalyzer.Vsix", "DecentCodingAnalyzer.Vsix\DecentCodingAnalyzer.Vsix.csproj", "{0EA43F07-0DB1-44D2-AF5F-1D05405DD6AF}"
EndProject
Project("{9A19103F-16F7-4668-BE54-9A1E7A4F7556}") = "TestConsole", "TestConsole\TestConsole.csproj", "{CE8F9419-ED65-44B3-B80C-845DB9B2F492}"
EndProject
Project("{2150E333-8FDC-42A3-9474-1A3956D46DE8}") = "Solution Items", "Solution Items", "{3F2BD6DE-45DA-4BAE-B9A2-81352DFDA1CF}"
	ProjectSection(SolutionItems) = preProject
		..\..\.gitattributes = ..\..\.gitattributes
		..\..\.gitignore = ..\..\.gitignore
		..\..\LICENSE = ..\..\LICENSE
		..\..\README.md = ..\..\README.md
	EndProjectSection
EndProject
Global
	GlobalSection(SolutionConfigurationPlatforms) = preSolution
		Debug|Any CPU = Debug|Any CPU
		Release|Any CPU = Release|Any CPU
	EndGlobalSection
	GlobalSection(ProjectConfigurationPlatforms) = postSolution
		{F5EC2039-FB81-4A7B-8F0D-B6315C819312}.Debug|Any CPU.ActiveCfg = Debug|Any CPU
		{F5EC2039-FB81-4A7B-8F0D-B6315C819312}.Debug|Any CPU.Build.0 = Debug|Any CPU
		{F5EC2039-FB81-4A7B-8F0D-B6315C819312}.Release|Any CPU.ActiveCfg = Release|Any CPU
		{F5EC2039-FB81-4A7B-8F0D-B6315C819312}.Release|Any CPU.Build.0 = Release|Any CPU
		{DDCE2C5C-73EE-46FD-B163-FE2AC17A7E1E}.Debug|Any CPU.ActiveCfg = Debug|Any CPU
		{DDCE2C5C-73EE-46FD-B163-FE2AC17A7E1E}.Debug|Any CPU.Build.0 = Debug|Any CPU
		{DDCE2C5C-73EE-46FD-B163-FE2AC17A7E1E}.Release|Any CPU.ActiveCfg = Release|Any CPU
		{DDCE2C5C-73EE-46FD-B163-FE2AC17A7E1E}.Release|Any CPU.Build.0 = Release|Any CPU
		{0EA43F07-0DB1-44D2-AF5F-1D05405DD6AF}.Debug|Any CPU.ActiveCfg = Debug|Any CPU
		{0EA43F07-0DB1-44D2-AF5F-1D05405DD6AF}.Debug|Any CPU.Build.0 = Debug|Any CPU
		{0EA43F07-0DB1-44D2-AF5F-1D05405DD6AF}.Release|Any CPU.ActiveCfg = Release|Any CPU
		{0EA43F07-0DB1-44D2-AF5F-1D05405DD6AF}.Release|Any CPU.Build.0 = Release|Any CPU
		{CE8F9419-ED65-44B3-B80C-845DB9B2F492}.Debug|Any CPU.ActiveCfg = Debug|Any CPU
		{CE8F9419-ED65-44B3-B80C-845DB9B2F492}.Debug|Any CPU.Build.0 = Debug|Any CPU
		{CE8F9419-ED65-44B3-B80C-845DB9B2F492}.Release|Any CPU.ActiveCfg = Release|Any CPU
		{CE8F9419-ED65-44B3-B80C-845DB9B2F492}.Release|Any CPU.Build.0 = Release|Any CPU
	EndGlobalSection
	GlobalSection(SolutionProperties) = preSolution
		HideSolutionNode = FALSE
	EndGlobalSection
	GlobalSection(ExtensibilityGlobals) = postSolution
		SolutionGuid = {7F18EB82-6268-49E0-BEF6-422BF04D63C7}
	EndGlobalSection
EndGlobal
