
Microsoft Visual Studio Solution File, Format Version 12.00
# Visual Studio Version 16
VisualStudioVersion = 16.0.29709.97
MinimumVisualStudioVersion = 10.0.40219.1
Project("{9A19103F-16F7-4668-BE54-9A1E7A4F7556}") = "CoronavirusReportWeb", "CoronavirusReportWeb\CoronavirusReportWeb.csproj", "{15598BB1-0DC5-4EA7-AC9A-FC37B2E406D7}"
EndProject
Global
	GlobalSection(SolutionConfigurationPlatforms) = preSolution
		Debug|Any CPU = Debug|Any CPU
		Release|Any CPU = Release|Any CPU
	EndGlobalSection
	GlobalSection(ProjectConfigurationPlatforms) = postSolution
		{15598BB1-0DC5-4EA7-AC9A-FC37B2E406D7}.Debug|Any CPU.ActiveCfg = Debug|Any CPU
		{15598BB1-0DC5-4EA7-AC9A-FC37B2E406D7}.Debug|Any CPU.Build.0 = Debug|Any CPU
		{15598BB1-0DC5-4EA7-AC9A-FC37B2E406D7}.Release|Any CPU.ActiveCfg = Release|Any CPU
		{15598BB1-0DC5-4EA7-AC9A-FC37B2E406D7}.Release|Any CPU.Build.0 = Release|Any CPU
	EndGlobalSection
	GlobalSection(SolutionProperties) = preSolution
		HideSolutionNode = FALSE
	EndGlobalSection
	GlobalSection(ExtensibilityGlobals) = postSolution
		SolutionGuid = {34A5F4F2-5054-4DB5-8137-088593A996A9}
	EndGlobalSection
EndGlobal
